
Microsoft Visual Studio Solution File, Format Version 12.00
# Visual Studio 15
VisualStudioVersion = 15.0.26730.12
MinimumVisualStudioVersion = 10.0.40219.1
Project("{FAE04EC0-301F-11D3-BF4B-00C04F79EFBC}") = "IMessagePassingCommService", "IService\IMessagePassingCommService.csproj", "{7D2C285E-9231-443E-99F1-7771B141C8F0}"
EndProject
Project("{FAE04EC0-301F-11D3-BF4B-00C04F79EFBC}") = "MessagePassingCommService", "MessagePassingCommService\MessagePassingCommService.csproj", "{6A9DF216-52D2-4E9C-BE52-872DC211FCAE}"
EndProject
Project("{FAE04EC0-301F-11D3-BF4B-00C04F79EFBC}") = "TestUtilities", "TestUtilities\TestUtilities.csproj", "{BF6A68CE-EF4E-40E4-AF2E-CE9BF2B6CFED}"
EndProject
Project("{FAE04EC0-301F-11D3-BF4B-00C04F79EFBC}") = "RepoMock", "RepoMock\RepoMock.csproj", "{2CE60A2F-AA28-44C4-89E7-30B7858F923D}"
EndProject
Project("{FAE04EC0-301F-11D3-BF4B-00C04F79EFBC}") = "BuildServer", "BuildServer\BuildServer.csproj", "{5FB5C71E-9324-4273-A662-FA6AB10AE198}"
EndProject
Project("{FAE04EC0-301F-11D3-BF4B-00C04F79EFBC}") = "ChildBuilder", "Builder\ChildBuilder.csproj", "{506E285D-1437-47E4-924D-E6DEFFC192EE}"
EndProject
Project("{FAE04EC0-301F-11D3-BF4B-00C04F79EFBC}") = "GUI", "GUI\GUI.csproj", "{902742CE-5EEA-4E90-95C6-E71C98072519}"
EndProject
Project("{FAE04EC0-301F-11D3-BF4B-00C04F79EFBC}") = "RequestMgr", "TestRequest\RequestMgr.csproj", "{BB1630B0-39CB-4B5D-8D4C-900D0BE18ADC}"
EndProject
Project("{FAE04EC0-301F-11D3-BF4B-00C04F79EFBC}") = "Serialization", "TestDeserialization\Serialization.csproj", "{46BF9755-AB2C-4A5B-81FE-0D2AB6E81811}"
EndProject
Project("{FAE04EC0-301F-11D3-BF4B-00C04F79EFBC}") = "TestHarnessMock", "TestHarnessMock\TestHarnessMock.csproj", "{A173EF90-7C22-4DDD-BBB7-A21F22572134}"
EndProject
Project("{FAE04EC0-301F-11D3-BF4B-00C04F79EFBC}") = "Executive", "Executive\Executive.csproj", "{264CE27F-25F6-42A0-847B-03AEDDC291A7}"
EndProject
Global
	GlobalSection(SolutionConfigurationPlatforms) = preSolution
		Debug|Any CPU = Debug|Any CPU
		Debug|x64 = Debug|x64
		Debug|x86 = Debug|x86
		Release|Any CPU = Release|Any CPU
		Release|x64 = Release|x64
		Release|x86 = Release|x86
	EndGlobalSection
	GlobalSection(ProjectConfigurationPlatforms) = postSolution
		{7D2C285E-9231-443E-99F1-7771B141C8F0}.Debug|Any CPU.ActiveCfg = Debug|Any CPU
		{7D2C285E-9231-443E-99F1-7771B141C8F0}.Debug|Any CPU.Build.0 = Debug|Any CPU
		{7D2C285E-9231-443E-99F1-7771B141C8F0}.Debug|x64.ActiveCfg = Debug|Any CPU
		{7D2C285E-9231-443E-99F1-7771B141C8F0}.Debug|x64.Build.0 = Debug|Any CPU
		{7D2C285E-9231-443E-99F1-7771B141C8F0}.Debug|x86.ActiveCfg = Debug|Any CPU
		{7D2C285E-9231-443E-99F1-7771B141C8F0}.Debug|x86.Build.0 = Debug|Any CPU
		{7D2C285E-9231-443E-99F1-7771B141C8F0}.Release|Any CPU.ActiveCfg = Release|Any CPU
		{7D2C285E-9231-443E-99F1-7771B141C8F0}.Release|Any CPU.Build.0 = Release|Any CPU
		{7D2C285E-9231-443E-99F1-7771B141C8F0}.Release|x64.ActiveCfg = Release|Any CPU
		{7D2C285E-9231-443E-99F1-7771B141C8F0}.Release|x64.Build.0 = Release|Any CPU
		{7D2C285E-9231-443E-99F1-7771B141C8F0}.Release|x86.ActiveCfg = Release|Any CPU
		{7D2C285E-9231-443E-99F1-7771B141C8F0}.Release|x86.Build.0 = Release|Any CPU
		{6A9DF216-52D2-4E9C-BE52-872DC211FCAE}.Debug|Any CPU.ActiveCfg = Debug|Any CPU
		{6A9DF216-52D2-4E9C-BE52-872DC211FCAE}.Debug|Any CPU.Build.0 = Debug|Any CPU
		{6A9DF216-52D2-4E9C-BE52-872DC211FCAE}.Debug|x64.ActiveCfg = Debug|Any CPU
		{6A9DF216-52D2-4E9C-BE52-872DC211FCAE}.Debug|x64.Build.0 = Debug|Any CPU
		{6A9DF216-52D2-4E9C-BE52-872DC211FCAE}.Debug|x86.ActiveCfg = Debug|Any CPU
		{6A9DF216-52D2-4E9C-BE52-872DC211FCAE}.Debug|x86.Build.0 = Debug|Any CPU
		{6A9DF216-52D2-4E9C-BE52-872DC211FCAE}.Release|Any CPU.ActiveCfg = Release|Any CPU
		{6A9DF216-52D2-4E9C-BE52-872DC211FCAE}.Release|Any CPU.Build.0 = Release|Any CPU
		{6A9DF216-52D2-4E9C-BE52-872DC211FCAE}.Release|x64.ActiveCfg = Release|Any CPU
		{6A9DF216-52D2-4E9C-BE52-872DC211FCAE}.Release|x64.Build.0 = Release|Any CPU
		{6A9DF216-52D2-4E9C-BE52-872DC211FCAE}.Release|x86.ActiveCfg = Release|Any CPU
		{6A9DF216-52D2-4E9C-BE52-872DC211FCAE}.Release|x86.Build.0 = Release|Any CPU
		{BF6A68CE-EF4E-40E4-AF2E-CE9BF2B6CFED}.Debug|Any CPU.ActiveCfg = Debug|Any CPU
		{BF6A68CE-EF4E-40E4-AF2E-CE9BF2B6CFED}.Debug|Any CPU.Build.0 = Debug|Any CPU
		{BF6A68CE-EF4E-40E4-AF2E-CE9BF2B6CFED}.Debug|x64.ActiveCfg = Debug|Any CPU
		{BF6A68CE-EF4E-40E4-AF2E-CE9BF2B6CFED}.Debug|x64.Build.0 = Debug|Any CPU
		{BF6A68CE-EF4E-40E4-AF2E-CE9BF2B6CFED}.Debug|x86.ActiveCfg = Debug|Any CPU
		{BF6A68CE-EF4E-40E4-AF2E-CE9BF2B6CFED}.Debug|x86.Build.0 = Debug|Any CPU
		{BF6A68CE-EF4E-40E4-AF2E-CE9BF2B6CFED}.Release|Any CPU.ActiveCfg = Release|Any CPU
		{BF6A68CE-EF4E-40E4-AF2E-CE9BF2B6CFED}.Release|Any CPU.Build.0 = Release|Any CPU
		{BF6A68CE-EF4E-40E4-AF2E-CE9BF2B6CFED}.Release|x64.ActiveCfg = Release|Any CPU
		{BF6A68CE-EF4E-40E4-AF2E-CE9BF2B6CFED}.Release|x64.Build.0 = Release|Any CPU
		{BF6A68CE-EF4E-40E4-AF2E-CE9BF2B6CFED}.Release|x86.ActiveCfg = Release|Any CPU
		{BF6A68CE-EF4E-40E4-AF2E-CE9BF2B6CFED}.Release|x86.Build.0 = Release|Any CPU
		{2CE60A2F-AA28-44C4-89E7-30B7858F923D}.Debug|Any CPU.ActiveCfg = Debug|Any CPU
		{2CE60A2F-AA28-44C4-89E7-30B7858F923D}.Debug|Any CPU.Build.0 = Debug|Any CPU
		{2CE60A2F-AA28-44C4-89E7-30B7858F923D}.Debug|x64.ActiveCfg = Debug|Any CPU
		{2CE60A2F-AA28-44C4-89E7-30B7858F923D}.Debug|x64.Build.0 = Debug|Any CPU
		{2CE60A2F-AA28-44C4-89E7-30B7858F923D}.Debug|x86.ActiveCfg = Debug|Any CPU
		{2CE60A2F-AA28-44C4-89E7-30B7858F923D}.Debug|x86.Build.0 = Debug|Any CPU
		{2CE60A2F-AA28-44C4-89E7-30B7858F923D}.Release|Any CPU.ActiveCfg = Release|Any CPU
		{2CE60A2F-AA28-44C4-89E7-30B7858F923D}.Release|Any CPU.Build.0 = Release|Any CPU
		{2CE60A2F-AA28-44C4-89E7-30B7858F923D}.Release|x64.ActiveCfg = Release|Any CPU
		{2CE60A2F-AA28-44C4-89E7-30B7858F923D}.Release|x64.Build.0 = Release|Any CPU
		{2CE60A2F-AA28-44C4-89E7-30B7858F923D}.Release|x86.ActiveCfg = Release|Any CPU
		{2CE60A2F-AA28-44C4-89E7-30B7858F923D}.Release|x86.Build.0 = Release|Any CPU
		{5FB5C71E-9324-4273-A662-FA6AB10AE198}.Debug|Any CPU.ActiveCfg = Debug|Any CPU
		{5FB5C71E-9324-4273-A662-FA6AB10AE198}.Debug|Any CPU.Build.0 = Debug|Any CPU
		{5FB5C71E-9324-4273-A662-FA6AB10AE198}.Debug|x64.ActiveCfg = Debug|Any CPU
		{5FB5C71E-9324-4273-A662-FA6AB10AE198}.Debug|x64.Build.0 = Debug|Any CPU
		{5FB5C71E-9324-4273-A662-FA6AB10AE198}.Debug|x86.ActiveCfg = Debug|Any CPU
		{5FB5C71E-9324-4273-A662-FA6AB10AE198}.Debug|x86.Build.0 = Debug|Any CPU
		{5FB5C71E-9324-4273-A662-FA6AB10AE198}.Release|Any CPU.ActiveCfg = Release|Any CPU
		{5FB5C71E-9324-4273-A662-FA6AB10AE198}.Release|Any CPU.Build.0 = Release|Any CPU
		{5FB5C71E-9324-4273-A662-FA6AB10AE198}.Release|x64.ActiveCfg = Release|Any CPU
		{5FB5C71E-9324-4273-A662-FA6AB10AE198}.Release|x64.Build.0 = Release|Any CPU
		{5FB5C71E-9324-4273-A662-FA6AB10AE198}.Release|x86.ActiveCfg = Release|Any CPU
		{5FB5C71E-9324-4273-A662-FA6AB10AE198}.Release|x86.Build.0 = Release|Any CPU
		{506E285D-1437-47E4-924D-E6DEFFC192EE}.Debug|Any CPU.ActiveCfg = Debug|Any CPU
		{506E285D-1437-47E4-924D-E6DEFFC192EE}.Debug|Any CPU.Build.0 = Debug|Any CPU
		{506E285D-1437-47E4-924D-E6DEFFC192EE}.Debug|x64.ActiveCfg = Debug|Any CPU
		{506E285D-1437-47E4-924D-E6DEFFC192EE}.Debug|x64.Build.0 = Debug|Any CPU
		{506E285D-1437-47E4-924D-E6DEFFC192EE}.Debug|x86.ActiveCfg = Debug|Any CPU
		{506E285D-1437-47E4-924D-E6DEFFC192EE}.Debug|x86.Build.0 = Debug|Any CPU
		{506E285D-1437-47E4-924D-E6DEFFC192EE}.Release|Any CPU.ActiveCfg = Release|Any CPU
		{506E285D-1437-47E4-924D-E6DEFFC192EE}.Release|Any CPU.Build.0 = Release|Any CPU
		{506E285D-1437-47E4-924D-E6DEFFC192EE}.Release|x64.ActiveCfg = Release|Any CPU
		{506E285D-1437-47E4-924D-E6DEFFC192EE}.Release|x64.Build.0 = Release|Any CPU
		{506E285D-1437-47E4-924D-E6DEFFC192EE}.Release|x86.ActiveCfg = Release|Any CPU
		{506E285D-1437-47E4-924D-E6DEFFC192EE}.Release|x86.Build.0 = Release|Any CPU
		{902742CE-5EEA-4E90-95C6-E71C98072519}.Debug|Any CPU.ActiveCfg = Debug|Any CPU
		{902742CE-5EEA-4E90-95C6-E71C98072519}.Debug|Any CPU.Build.0 = Debug|Any CPU
		{902742CE-5EEA-4E90-95C6-E71C98072519}.Debug|x64.ActiveCfg = Debug|Any CPU
		{902742CE-5EEA-4E90-95C6-E71C98072519}.Debug|x64.Build.0 = Debug|Any CPU
		{902742CE-5EEA-4E90-95C6-E71C98072519}.Debug|x86.ActiveCfg = Debug|Any CPU
		{902742CE-5EEA-4E90-95C6-E71C98072519}.Debug|x86.Build.0 = Debug|Any CPU
		{902742CE-5EEA-4E90-95C6-E71C98072519}.Release|Any CPU.ActiveCfg = Release|Any CPU
		{902742CE-5EEA-4E90-95C6-E71C98072519}.Release|Any CPU.Build.0 = Release|Any CPU
		{902742CE-5EEA-4E90-95C6-E71C98072519}.Release|x64.ActiveCfg = Release|Any CPU
		{902742CE-5EEA-4E90-95C6-E71C98072519}.Release|x64.Build.0 = Release|Any CPU
		{902742CE-5EEA-4E90-95C6-E71C98072519}.Release|x86.ActiveCfg = Release|Any CPU
		{902742CE-5EEA-4E90-95C6-E71C98072519}.Release|x86.Build.0 = Release|Any CPU
		{BB1630B0-39CB-4B5D-8D4C-900D0BE18ADC}.Debug|Any CPU.ActiveCfg = Debug|Any CPU
		{BB1630B0-39CB-4B5D-8D4C-900D0BE18ADC}.Debug|Any CPU.Build.0 = Debug|Any CPU
		{BB1630B0-39CB-4B5D-8D4C-900D0BE18ADC}.Debug|x64.ActiveCfg = Debug|Any CPU
		{BB1630B0-39CB-4B5D-8D4C-900D0BE18ADC}.Debug|x64.Build.0 = Debug|Any CPU
		{BB1630B0-39CB-4B5D-8D4C-900D0BE18ADC}.Debug|x86.ActiveCfg = Debug|Any CPU
		{BB1630B0-39CB-4B5D-8D4C-900D0BE18ADC}.Debug|x86.Build.0 = Debug|Any CPU
		{BB1630B0-39CB-4B5D-8D4C-900D0BE18ADC}.Release|Any CPU.ActiveCfg = Release|Any CPU
		{BB1630B0-39CB-4B5D-8D4C-900D0BE18ADC}.Release|Any CPU.Build.0 = Release|Any CPU
		{BB1630B0-39CB-4B5D-8D4C-900D0BE18ADC}.Release|x64.ActiveCfg = Release|Any CPU
		{BB1630B0-39CB-4B5D-8D4C-900D0BE18ADC}.Release|x64.Build.0 = Release|Any CPU
		{BB1630B0-39CB-4B5D-8D4C-900D0BE18ADC}.Release|x86.ActiveCfg = Release|Any CPU
		{BB1630B0-39CB-4B5D-8D4C-900D0BE18ADC}.Release|x86.Build.0 = Release|Any CPU
		{46BF9755-AB2C-4A5B-81FE-0D2AB6E81811}.Debug|Any CPU.ActiveCfg = Debug|Any CPU
		{46BF9755-AB2C-4A5B-81FE-0D2AB6E81811}.Debug|Any CPU.Build.0 = Debug|Any CPU
		{46BF9755-AB2C-4A5B-81FE-0D2AB6E81811}.Debug|x64.ActiveCfg = Debug|Any CPU
		{46BF9755-AB2C-4A5B-81FE-0D2AB6E81811}.Debug|x64.Build.0 = Debug|Any CPU
		{46BF9755-AB2C-4A5B-81FE-0D2AB6E81811}.Debug|x86.ActiveCfg = Debug|Any CPU
		{46BF9755-AB2C-4A5B-81FE-0D2AB6E81811}.Debug|x86.Build.0 = Debug|Any CPU
		{46BF9755-AB2C-4A5B-81FE-0D2AB6E81811}.Release|Any CPU.ActiveCfg = Release|Any CPU
		{46BF9755-AB2C-4A5B-81FE-0D2AB6E81811}.Release|Any CPU.Build.0 = Release|Any CPU
		{46BF9755-AB2C-4A5B-81FE-0D2AB6E81811}.Release|x64.ActiveCfg = Release|Any CPU
		{46BF9755-AB2C-4A5B-81FE-0D2AB6E81811}.Release|x64.Build.0 = Release|Any CPU
		{46BF9755-AB2C-4A5B-81FE-0D2AB6E81811}.Release|x86.ActiveCfg = Release|Any CPU
		{46BF9755-AB2C-4A5B-81FE-0D2AB6E81811}.Release|x86.Build.0 = Release|Any CPU
		{A173EF90-7C22-4DDD-BBB7-A21F22572134}.Debug|Any CPU.ActiveCfg = Debug|Any CPU
		{A173EF90-7C22-4DDD-BBB7-A21F22572134}.Debug|Any CPU.Build.0 = Debug|Any CPU
		{A173EF90-7C22-4DDD-BBB7-A21F22572134}.Debug|x64.ActiveCfg = Debug|Any CPU
		{A173EF90-7C22-4DDD-BBB7-A21F22572134}.Debug|x64.Build.0 = Debug|Any CPU
		{A173EF90-7C22-4DDD-BBB7-A21F22572134}.Debug|x86.ActiveCfg = Debug|Any CPU
		{A173EF90-7C22-4DDD-BBB7-A21F22572134}.Debug|x86.Build.0 = Debug|Any CPU
		{A173EF90-7C22-4DDD-BBB7-A21F22572134}.Release|Any CPU.ActiveCfg = Release|Any CPU
		{A173EF90-7C22-4DDD-BBB7-A21F22572134}.Release|Any CPU.Build.0 = Release|Any CPU
		{A173EF90-7C22-4DDD-BBB7-A21F22572134}.Release|x64.ActiveCfg = Release|Any CPU
		{A173EF90-7C22-4DDD-BBB7-A21F22572134}.Release|x64.Build.0 = Release|Any CPU
		{A173EF90-7C22-4DDD-BBB7-A21F22572134}.Release|x86.ActiveCfg = Release|Any CPU
		{A173EF90-7C22-4DDD-BBB7-A21F22572134}.Release|x86.Build.0 = Release|Any CPU
		{264CE27F-25F6-42A0-847B-03AEDDC291A7}.Debug|Any CPU.ActiveCfg = Debug|Any CPU
		{264CE27F-25F6-42A0-847B-03AEDDC291A7}.Debug|Any CPU.Build.0 = Debug|Any CPU
		{264CE27F-25F6-42A0-847B-03AEDDC291A7}.Debug|x64.ActiveCfg = Debug|Any CPU
		{264CE27F-25F6-42A0-847B-03AEDDC291A7}.Debug|x64.Build.0 = Debug|Any CPU
		{264CE27F-25F6-42A0-847B-03AEDDC291A7}.Debug|x86.ActiveCfg = Debug|Any CPU
		{264CE27F-25F6-42A0-847B-03AEDDC291A7}.Debug|x86.Build.0 = Debug|Any CPU
		{264CE27F-25F6-42A0-847B-03AEDDC291A7}.Release|Any CPU.ActiveCfg = Release|Any CPU
		{264CE27F-25F6-42A0-847B-03AEDDC291A7}.Release|Any CPU.Build.0 = Release|Any CPU
		{264CE27F-25F6-42A0-847B-03AEDDC291A7}.Release|x64.ActiveCfg = Release|Any CPU
		{264CE27F-25F6-42A0-847B-03AEDDC291A7}.Release|x64.Build.0 = Release|Any CPU
		{264CE27F-25F6-42A0-847B-03AEDDC291A7}.Release|x86.ActiveCfg = Release|Any CPU
		{264CE27F-25F6-42A0-847B-03AEDDC291A7}.Release|x86.Build.0 = Release|Any CPU
	EndGlobalSection
	GlobalSection(SolutionProperties) = preSolution
		HideSolutionNode = FALSE
	EndGlobalSection
	GlobalSection(ExtensibilityGlobals) = postSolution
		SolutionGuid = {AE5AEBA1-91EA-4B39-8E19-FD3FB8582DFE}
	EndGlobalSection
EndGlobal
